// !$*UTF8*$!
{
	archiveVersion = 1;
	classes = {
	};
	objectVersion = 46;
	objects = {

/* Begin PBXBuildFile section */
		9B32752719E9156A008C2F40 /* main.m in Sources */ = {isa = PBXBuildFile; fileRef = 9B32752619E9156A008C2F40 /* main.m */; };
		9B32752A19E9156A008C2F40 /* AppDelegate.m in Sources */ = {isa = PBXBuildFile; fileRef = 9B32752919E9156A008C2F40 /* AppDelegate.m */; };
		9B32752D19E9156A008C2F40 /* ViewController.m in Sources */ = {isa = PBXBuildFile; fileRef = 9B32752C19E9156A008C2F40 /* ViewController.m */; };
		9B32753019E9156A008C2F40 /* Main.storyboard in Resources */ = {isa = PBXBuildFile; fileRef = 9B32752E19E9156A008C2F40 /* Main.storyboard */; };
		9B32753219E9156A008C2F40 /* Images.xcassets in Resources */ = {isa = PBXBuildFile; fileRef = 9B32753119E9156A008C2F40 /* Images.xcassets */; };
		9B32753519E9156A008C2F40 /* LaunchScreen.xib in Resources */ = {isa = PBXBuildFile; fileRef = 9B32753319E9156A008C2F40 /* LaunchScreen.xib */; };
		9B32754119E9156A008C2F40 /* fuuuuuuuckTests.m in Sources */ = {isa = PBXBuildFile; fileRef = 9B32754019E9156A008C2F40 /* fuuuuuuuckTests.m */; };
		9B32754D19E927E7008C2F40 /* UIImage+animatedGIF.m in Sources */ = {isa = PBXBuildFile; fileRef = 9B32754B19E927E7008C2F40 /* UIImage+animatedGIF.m */; };
		9B32754E19E927E7008C2F40 /* kalgMrZXXHaxy.gif in Resources */ = {isa = PBXBuildFile; fileRef = 9B32754C19E927E7008C2F40 /* kalgMrZXXHaxy.gif */; };
		9B32755019E92D74008C2F40 /* MobileCoreServices.framework in Frameworks */ = {isa = PBXBuildFile; fileRef = 9B32754F19E92D74008C2F40 /* MobileCoreServices.framework */; };
		9B32755219E92D85008C2F40 /* ImageIO.framework in Frameworks */ = {isa = PBXBuildFile; fileRef = 9B32755119E92D85008C2F40 /* ImageIO.framework */; };
		9B32755419E92D91008C2F40 /* UIKit.framework in Frameworks */ = {isa = PBXBuildFile; fileRef = 9B32755319E92D91008C2F40 /* UIKit.framework */; };
		9B32755619E92D96008C2F40 /* Foundation.framework in Frameworks */ = {isa = PBXBuildFile; fileRef = 9B32755519E92D96008C2F40 /* Foundation.framework */; };
		9B32755819E92D9D008C2F40 /* CoreGraphics.framework in Frameworks */ = {isa = PBXBuildFile; fileRef = 9B32755719E92D9D008C2F40 /* CoreGraphics.framework */; };
		9B32755A19E92F76008C2F40 /* makeAnimatedGif.h in Sources */ = {isa = PBXBuildFile; fileRef = 9B32755919E92F76008C2F40 /* makeAnimatedGif.h */; };
/* End PBXBuildFile section */

/* Begin PBXContainerItemProxy section */
		9B32753B19E9156A008C2F40 /* PBXContainerItemProxy */ = {
			isa = PBXContainerItemProxy;
			containerPortal = 9B32751919E9156A008C2F40 /* Project object */;
			proxyType = 1;
			remoteGlobalIDString = 9B32752019E9156A008C2F40;
			remoteInfo = fuuuuuuuck;
		};
/* End PBXContainerItemProxy section */

/* Begin PBXFileReference section */
		9B32752119E9156A008C2F40 /* fuuuuuuuck.app */ = {isa = PBXFileReference; explicitFileType = wrapper.application; includeInIndex = 0; path = fuuuuuuuck.app; sourceTree = BUILT_PRODUCTS_DIR; };
		9B32752519E9156A008C2F40 /* Info.plist */ = {isa = PBXFileReference; lastKnownFileType = text.plist.xml; path = Info.plist; sourceTree = "<group>"; };
		9B32752619E9156A008C2F40 /* main.m */ = {isa = PBXFileReference; lastKnownFileType = sourcecode.c.objc; path = main.m; sourceTree = "<group>"; };
		9B32752819E9156A008C2F40 /* AppDelegate.h */ = {isa = PBXFileReference; lastKnownFileType = sourcecode.c.h; path = AppDelegate.h; sourceTree = "<group>"; };
		9B32752919E9156A008C2F40 /* AppDelegate.m */ = {isa = PBXFileReference; lastKnownFileType = sourcecode.c.objc; path = AppDelegate.m; sourceTree = "<group>"; };
		9B32752B19E9156A008C2F40 /* ViewController.h */ = {isa = PBXFileReference; lastKnownFileType = sourcecode.c.h; path = ViewController.h; sourceTree = "<group>"; };
		9B32752C19E9156A008C2F40 /* ViewController.m */ = {isa = PBXFileReference; lastKnownFileType = sourcecode.c.objc; path = ViewController.m; sourceTree = "<group>"; };
		9B32752F19E9156A008C2F40 /* Base */ = {isa = PBXFileReference; lastKnownFileType = file.storyboard; name = Base; path = Base.lproj/Main.storyboard; sourceTree = "<group>"; };
		9B32753119E9156A008C2F40 /* Images.xcassets */ = {isa = PBXFileReference; lastKnownFileType = folder.assetcatalog; path = Images.xcassets; sourceTree = "<group>"; };
		9B32753419E9156A008C2F40 /* Base */ = {isa = PBXFileReference; lastKnownFileType = file.xib; name = Base; path = Base.lproj/LaunchScreen.xib; sourceTree = "<group>"; };
		9B32753A19E9156A008C2F40 /* fuuuuuuuckTests.xctest */ = {isa = PBXFileReference; explicitFileType = wrapper.cfbundle; includeInIndex = 0; path = fuuuuuuuckTests.xctest; sourceTree = BUILT_PRODUCTS_DIR; };
		9B32753F19E9156A008C2F40 /* Info.plist */ = {isa = PBXFileReference; lastKnownFileType = text.plist.xml; path = Info.plist; sourceTree = "<group>"; };
		9B32754019E9156A008C2F40 /* fuuuuuuuckTests.m */ = {isa = PBXFileReference; lastKnownFileType = sourcecode.c.objc; path = fuuuuuuuckTests.m; sourceTree = "<group>"; };
		9B32754A19E927E7008C2F40 /* UIImage+animatedGIF.h */ = {isa = PBXFileReference; fileEncoding = 4; lastKnownFileType = sourcecode.c.h; path = "UIImage+animatedGIF.h"; sourceTree = "<group>"; };
		9B32754B19E927E7008C2F40 /* UIImage+animatedGIF.m */ = {isa = PBXFileReference; fileEncoding = 4; lastKnownFileType = sourcecode.c.objc; path = "UIImage+animatedGIF.m"; sourceTree = "<group>"; };
		9B32754C19E927E7008C2F40 /* kalgMrZXXHaxy.gif */ = {isa = PBXFileReference; lastKnownFileType = image.gif; path = kalgMrZXXHaxy.gif; sourceTree = "<group>"; };
		9B32754F19E92D74008C2F40 /* MobileCoreServices.framework */ = {isa = PBXFileReference; lastKnownFileType = wrapper.framework; name = MobileCoreServices.framework; path = System/Library/Frameworks/MobileCoreServices.framework; sourceTree = SDKROOT; };
		9B32755119E92D85008C2F40 /* ImageIO.framework */ = {isa = PBXFileReference; lastKnownFileType = wrapper.framework; name = ImageIO.framework; path = System/Library/Frameworks/ImageIO.framework; sourceTree = SDKROOT; };
		9B32755319E92D91008C2F40 /* UIKit.framework */ = {isa = PBXFileReference; lastKnownFileType = wrapper.framework; name = UIKit.framework; path = System/Library/Frameworks/UIKit.framework; sourceTree = SDKROOT; };
		9B32755519E92D96008C2F40 /* Foundation.framework */ = {isa = PBXFileReference; lastKnownFileType = wrapper.framework; name = Foundation.framework; path = System/Library/Frameworks/Foundation.framework; sourceTree = SDKROOT; };
		9B32755719E92D9D008C2F40 /* CoreGraphics.framework */ = {isa = PBXFileReference; lastKnownFileType = wrapper.framework; name = CoreGraphics.framework; path = System/Library/Frameworks/CoreGraphics.framework; sourceTree = SDKROOT; };
		9B32755919E92F76008C2F40 /* makeAnimatedGif.h */ = {isa = PBXFileReference; fileEncoding = 4; lastKnownFileType = sourcecode.c.h; path = makeAnimatedGif.h; sourceTree = "<group>"; };
		9B32755D19E937BA008C2F40 /* setupCaptureSession.h */ = {isa = PBXFileReference; fileEncoding = 4; lastKnownFileType = sourcecode.c.h; path = setupCaptureSession.h; sourceTree = "<group>"; };
/* End PBXFileReference section */

/* Begin PBXFrameworksBuildPhase section */
		9B32751E19E9156A008C2F40 /* Frameworks */ = {
			isa = PBXFrameworksBuildPhase;
			buildActionMask = 2147483647;
			files = (
				9B32755819E92D9D008C2F40 /* CoreGraphics.framework in Frameworks */,
				9B32755619E92D96008C2F40 /* Foundation.framework in Frameworks */,
				9B32755419E92D91008C2F40 /* UIKit.framework in Frameworks */,
				9B32755219E92D85008C2F40 /* ImageIO.framework in Frameworks */,
				9B32755019E92D74008C2F40 /* MobileCoreServices.framework in Frameworks */,
			);
			runOnlyForDeploymentPostprocessing = 0;
		};
		9B32753719E9156A008C2F40 /* Frameworks */ = {
			isa = PBXFrameworksBuildPhase;
			buildActionMask = 2147483647;
			files = (
			);
			runOnlyForDeploymentPostprocessing = 0;
		};
/* End PBXFrameworksBuildPhase section */

/* Begin PBXGroup section */
		9B32751819E91569008C2F40 = {
			isa = PBXGroup;
			children = (
				9B32755719E92D9D008C2F40 /* CoreGraphics.framework */,
				9B32755519E92D96008C2F40 /* Foundation.framework */,
				9B32755319E92D91008C2F40 /* UIKit.framework */,
				9B32755119E92D85008C2F40 /* ImageIO.framework */,
				9B32754F19E92D74008C2F40 /* MobileCoreServices.framework */,
				9B32752319E9156A008C2F40 /* fuuuuuuuck */,
				9B32753D19E9156A008C2F40 /* fuuuuuuuckTests */,
				9B32752219E9156A008C2F40 /* Products */,
			);
			sourceTree = "<group>";
		};
		9B32752219E9156A008C2F40 /* Products */ = {
			isa = PBXGroup;
			children = (
				9B32752119E9156A008C2F40 /* fuuuuuuuck.app */,
				9B32753A19E9156A008C2F40 /* fuuuuuuuckTests.xctest */,
			);
			name = Products;
			sourceTree = "<group>";
		};
		9B32752319E9156A008C2F40 /* fuuuuuuuck */ = {
			isa = PBXGroup;
			children = (
				9B32754A19E927E7008C2F40 /* UIImage+animatedGIF.h */,
				9B32754B19E927E7008C2F40 /* UIImage+animatedGIF.m */,
				9B32754C19E927E7008C2F40 /* kalgMrZXXHaxy.gif */,
				9B32752819E9156A008C2F40 /* AppDelegate.h */,
				9B32752919E9156A008C2F40 /* AppDelegate.m */,
				9B32752B19E9156A008C2F40 /* ViewController.h */,
				9B32752C19E9156A008C2F40 /* ViewController.m */,
				9B32752E19E9156A008C2F40 /* Main.storyboard */,
				9B32753119E9156A008C2F40 /* Images.xcassets */,
				9B32753319E9156A008C2F40 /* LaunchScreen.xib */,
				9B32752419E9156A008C2F40 /* Supporting Files */,
				9B32755919E92F76008C2F40 /* makeAnimatedGif.h */,
				9B32755D19E937BA008C2F40 /* setupCaptureSession.h */,
			);
			path = fuuuuuuuck;
			sourceTree = "<group>";
		};
		9B32752419E9156A008C2F40 /* Supporting Files */ = {
			isa = PBXGroup;
			children = (
				9B32752519E9156A008C2F40 /* Info.plist */,
				9B32752619E9156A008C2F40 /* main.m */,
			);
			name = "Supporting Files";
			sourceTree = "<group>";
		};
		9B32753D19E9156A008C2F40 /* fuuuuuuuckTests */ = {
			isa = PBXGroup;
			children = (
				9B32754019E9156A008C2F40 /* fuuuuuuuckTests.m */,
				9B32753E19E9156A008C2F40 /* Supporting Files */,
			);
			path = fuuuuuuuckTests;
			sourceTree = "<group>";
		};
		9B32753E19E9156A008C2F40 /* Supporting Files */ = {
			isa = PBXGroup;
			children = (
				9B32753F19E9156A008C2F40 /* Info.plist */,
			);
			name = "Supporting Files";
			sourceTree = "<group>";
		};
/* End PBXGroup section */

/* Begin PBXNativeTarget section */
		9B32752019E9156A008C2F40 /* fuuuuuuuck */ = {
			isa = PBXNativeTarget;
			buildConfigurationList = 9B32754419E9156A008C2F40 /* Build configuration list for PBXNativeTarget "fuuuuuuuck" */;
			buildPhases = (
				9B32751D19E9156A008C2F40 /* Sources */,
				9B32751E19E9156A008C2F40 /* Frameworks */,
				9B32751F19E9156A008C2F40 /* Resources */,
			);
			buildRules = (
			);
			dependencies = (
			);
			name = fuuuuuuuck;
			productName = fuuuuuuuck;
			productReference = 9B32752119E9156A008C2F40 /* fuuuuuuuck.app */;
			productType = "com.apple.product-type.application";
		};
		9B32753919E9156A008C2F40 /* fuuuuuuuckTests */ = {
			isa = PBXNativeTarget;
			buildConfigurationList = 9B32754719E9156A008C2F40 /* Build configuration list for PBXNativeTarget "fuuuuuuuckTests" */;
			buildPhases = (
				9B32753619E9156A008C2F40 /* Sources */,
				9B32753719E9156A008C2F40 /* Frameworks */,
				9B32753819E9156A008C2F40 /* Resources */,
			);
			buildRules = (
			);
			dependencies = (
				9B32753C19E9156A008C2F40 /* PBXTargetDependency */,
			);
			name = fuuuuuuuckTests;
			productName = fuuuuuuuckTests;
			productReference = 9B32753A19E9156A008C2F40 /* fuuuuuuuckTests.xctest */;
			productType = "com.apple.product-type.bundle.unit-test";
		};
/* End PBXNativeTarget section */

/* Begin PBXProject section */
		9B32751919E9156A008C2F40 /* Project object */ = {
			isa = PBXProject;
			attributes = {
				LastUpgradeCheck = 0600;
				ORGANIZATIONNAME = "Ruoping Xu";
				TargetAttributes = {
					9B32752019E9156A008C2F40 = {
						CreatedOnToolsVersion = 6.0.1;
						DevelopmentTeam = 2S3D8J8M3T;
					};
					9B32753919E9156A008C2F40 = {
						CreatedOnToolsVersion = 6.0.1;
						TestTargetID = 9B32752019E9156A008C2F40;
					};
				};
			};
			buildConfigurationList = 9B32751C19E9156A008C2F40 /* Build configuration list for PBXProject "fuuuuuuuck" */;
			compatibilityVersion = "Xcode 3.2";
			developmentRegion = English;
			hasScannedForEncodings = 0;
			knownRegions = (
				en,
				Base,
			);
			mainGroup = 9B32751819E91569008C2F40;
			productRefGroup = 9B32752219E9156A008C2F40 /* Products */;
			projectDirPath = "";
			projectRoot = "";
			targets = (
				9B32752019E9156A008C2F40 /* fuuuuuuuck */,
				9B32753919E9156A008C2F40 /* fuuuuuuuckTests */,
			);
		};
/* End PBXProject section */

/* Begin PBXResourcesBuildPhase section */
		9B32751F19E9156A008C2F40 /* Resources */ = {
			isa = PBXResourcesBuildPhase;
			buildActionMask = 2147483647;
			files = (
				9B32753019E9156A008C2F40 /* Main.storyboard in Resources */,
				9B32753519E9156A008C2F40 /* LaunchScreen.xib in Resources */,
				9B32753219E9156A008C2F40 /* Images.xcassets in Resources */,
				9B32754E19E927E7008C2F40 /* kalgMrZXXHaxy.gif in Resources */,
			);
			runOnlyForDeploymentPostprocessing = 0;
		};
		9B32753819E9156A008C2F40 /* Resources */ = {
			isa = PBXResourcesBuildPhase;
			buildActionMask = 2147483647;
			files = (
			);
			runOnlyForDeploymentPostprocessing = 0;
		};
/* End PBXResourcesBuildPhase section */

/* Begin PBXSourcesBuildPhase section */
		9B32751D19E9156A008C2F40 /* Sources */ = {
			isa = PBXSourcesBuildPhase;
			buildActionMask = 2147483647;
			files = (
				9B32752D19E9156A008C2F40 /* ViewController.m in Sources */,
				9B32755A19E92F76008C2F40 /* makeAnimatedGif.h in Sources */,
				9B32754D19E927E7008C2F40 /* UIImage+animatedGIF.m in Sources */,
				9B32752A19E9156A008C2F40 /* AppDelegate.m in Sources */,
				9B32752719E9156A008C2F40 /* main.m in Sources */,
			);
			runOnlyForDeploymentPostprocessing = 0;
		};
		9B32753619E9156A008C2F40 /* Sources */ = {
			isa = PBXSourcesBuildPhase;
			buildActionMask = 2147483647;
			files = (
				9B32754119E9156A008C2F40 /* fuuuuuuuckTests.m in Sources */,
			);
			runOnlyForDeploymentPostprocessing = 0;
		};
/* End PBXSourcesBuildPhase section */

/* Begin PBXTargetDependency section */
		9B32753C19E9156A008C2F40 /* PBXTargetDependency */ = {
			isa = PBXTargetDependency;
			target = 9B32752019E9156A008C2F40 /* fuuuuuuuck */;
			targetProxy = 9B32753B19E9156A008C2F40 /* PBXContainerItemProxy */;
		};
/* End PBXTargetDependency section */

/* Begin PBXVariantGroup section */
		9B32752E19E9156A008C2F40 /* Main.storyboard */ = {
			isa = PBXVariantGroup;
			children = (
				9B32752F19E9156A008C2F40 /* Base */,
			);
			name = Main.storyboard;
			sourceTree = "<group>";
		};
		9B32753319E9156A008C2F40 /* LaunchScreen.xib */ = {
			isa = PBXVariantGroup;
			children = (
				9B32753419E9156A008C2F40 /* Base */,
			);
			name = LaunchScreen.xib;
			sourceTree = "<group>";
		};
/* End PBXVariantGroup section */

/* Begin XCBuildConfiguration section */
		9B32754219E9156A008C2F40 /* Debug */ = {
			isa = XCBuildConfiguration;
			buildSettings = {
				ALWAYS_SEARCH_USER_PATHS = NO;
				CLANG_CXX_LANGUAGE_STANDARD = "gnu++0x";
				CLANG_CXX_LIBRARY = "libc++";
				CLANG_ENABLE_MODULES = YES;
				CLANG_ENABLE_OBJC_ARC = YES;
				CLANG_WARN_BOOL_CONVERSION = YES;
				CLANG_WARN_CONSTANT_CONVERSION = YES;
				CLANG_WARN_DIRECT_OBJC_ISA_USAGE = YES_ERROR;
				CLANG_WARN_EMPTY_BODY = YES;
				CLANG_WARN_ENUM_CONVERSION = YES;
				CLANG_WARN_INT_CONVERSION = YES;
				CLANG_WARN_OBJC_ROOT_CLASS = YES_ERROR;
				CLANG_WARN_UNREACHABLE_CODE = YES;
				CLANG_WARN__DUPLICATE_METHOD_MATCH = YES;
				"CODE_SIGN_IDENTITY[sdk=iphoneos*]" = "iPhone Developer";
				COPY_PHASE_STRIP = NO;
				ENABLE_STRICT_OBJC_MSGSEND = YES;
				GCC_C_LANGUAGE_STANDARD = gnu99;
				GCC_DYNAMIC_NO_PIC = NO;
				GCC_OPTIMIZATION_LEVEL = 0;
				GCC_PREPROCESSOR_DEFINITIONS = (
					"DEBUG=1",
					"$(inherited)",
				);
				GCC_SYMBOLS_PRIVATE_EXTERN = NO;
				GCC_WARN_64_TO_32_BIT_CONVERSION = YES;
				GCC_WARN_ABOUT_RETURN_TYPE = YES_ERROR;
				GCC_WARN_UNDECLARED_SELECTOR = YES;
				GCC_WARN_UNINITIALIZED_AUTOS = YES_AGGRESSIVE;
				GCC_WARN_UNUSED_FUNCTION = YES;
				GCC_WARN_UNUSED_VARIABLE = YES;
				IPHONEOS_DEPLOYMENT_TARGET = 8.0;
				MTL_ENABLE_DEBUG_INFO = YES;
				ONLY_ACTIVE_ARCH = YES;
				SDKROOT = iphoneos;
				TARGETED_DEVICE_FAMILY = "1,2";
			};
			name = Debug;
		};
		9B32754319E9156A008C2F40 /* Release */ = {
			isa = XCBuildConfiguration;
			buildSettings = {
				ALWAYS_SEARCH_USER_PATHS = NO;
				CLANG_CXX_LANGUAGE_STANDARD = "gnu++0x";
				CLANG_CXX_LIBRARY = "libc++";
				CLANG_ENABLE_MODULES = YES;
				CLANG_ENABLE_OBJC_ARC = YES;
				CLANG_WARN_BOOL_CONVERSION = YES;
				CLANG_WARN_CONSTANT_CONVERSION = YES;
				CLANG_WARN_DIRECT_OBJC_ISA_USAGE = YES_ERROR;
				CLANG_WARN_EMPTY_BODY = YES;
				CLANG_WARN_ENUM_CONVERSION = YES;
				CLANG_WARN_INT_CONVERSION = YES;
				CLANG_WARN_OBJC_ROOT_CLASS = YES_ERROR;
				CLANG_WARN_UNREACHABLE_CODE = YES;
				CLANG_WARN__DUPLICATE_METHOD_MATCH = YES;
				"CODE_SIGN_IDENTITY[sdk=iphoneos*]" = "iPhone Developer";
				COPY_PHASE_STRIP = YES;
				ENABLE_NS_ASSERTIONS = NO;
				ENABLE_STRICT_OBJC_MSGSEND = YES;
				GCC_C_LANGUAGE_STANDARD = gnu99;
				GCC_WARN_64_TO_32_BIT_CONVERSION = YES;
				GCC_WARN_ABOUT_RETURN_TYPE = YES_ERROR;
				GCC_WARN_UNDECLARED_SELECTOR = YES;
				GCC_WARN_UNINITIALIZED_AUTOS = YES_AGGRESSIVE;
				GCC_WARN_UNUSED_FUNCTION = YES;
				GCC_WARN_UNUSED_VARIABLE = YES;
				IPHONEOS_DEPLOYMENT_TARGET = 8.0;
				MTL_ENABLE_DEBUG_INFO = NO;
				SDKROOT = iphoneos;
				TARGETED_DEVICE_FAMILY = "1,2";
				VALIDATE_PRODUCT = YES;
			};
			name = Release;
		};
		9B32754519E9156A008C2F40 /* Debug */ = {
			isa = XCBuildConfiguration;
			buildSettings = {
				ASSETCATALOG_COMPILER_APPICON_NAME = AppIcon;
				CODE_SIGN_IDENTITY = "iPhone Developer";
				INFOPLIST_FILE = fuuuuuuuck/Info.plist;
				LD_RUNPATH_SEARCH_PATHS = "$(inherited) @executable_path/Frameworks";
				PRODUCT_NAME = "$(TARGET_NAME)";
			};
			name = Debug;
		};
		9B32754619E9156A008C2F40 /* Release */ = {
			isa = XCBuildConfiguration;
			buildSettings = {
				ASSETCATALOG_COMPILER_APPICON_NAME = AppIcon;
				CODE_SIGN_IDENTITY = "iPhone Developer";
				INFOPLIST_FILE = fuuuuuuuck/Info.plist;
				LD_RUNPATH_SEARCH_PATHS = "$(inherited) @executable_path/Frameworks";
				PRODUCT_NAME = "$(TARGET_NAME)";
			};
			name = Release;
		};
		9B32754819E9156A008C2F40 /* Debug */ = {
			isa = XCBuildConfiguration;
			buildSettings = {
				BUNDLE_LOADER = "$(TEST_HOST)";
				FRAMEWORK_SEARCH_PATHS = (
					"$(SDKROOT)/Developer/Library/Frameworks",
					"$(inherited)",
				);
				GCC_PREPROCESSOR_DEFINITIONS = (
					"DEBUG=1",
					"$(inherited)",
				);
				INFOPLIST_FILE = fuuuuuuuckTests/Info.plist;
				LD_RUNPATH_SEARCH_PATHS = "$(inherited) @executable_path/Frameworks @loader_path/Frameworks";
				PRODUCT_NAME = "$(TARGET_NAME)";
				TEST_HOST = "$(BUILT_PRODUCTS_DIR)/fuuuuuuuck.app/fuuuuuuuck";
			};
			name = Debug;
		};
		9B32754919E9156A008C2F40 /* Release */ = {
			isa = XCBuildConfiguration;
			buildSettings = {
				BUNDLE_LOADER = "$(TEST_HOST)";
				FRAMEWORK_SEARCH_PATHS = (
					"$(SDKROOT)/Developer/Library/Frameworks",
					"$(inherited)",
				);
				INFOPLIST_FILE = fuuuuuuuckTests/Info.plist;
				LD_RUNPATH_SEARCH_PATHS = "$(inherited) @executable_path/Frameworks @loader_path/Frameworks";
				PRODUCT_NAME = "$(TARGET_NAME)";
				TEST_HOST = "$(BUILT_PRODUCTS_DIR)/fuuuuuuuck.app/fuuuuuuuck";
			};
			name = Release;
		};
/* End XCBuildConfiguration section */

/* Begin XCConfigurationList section */
		9B32751C19E9156A008C2F40 /* Build configuration list for PBXProject "fuuuuuuuck" */ = {
			isa = XCConfigurationList;
			buildConfigurations = (
				9B32754219E9156A008C2F40 /* Debug */,
				9B32754319E9156A008C2F40 /* Release */,
			);
			defaultConfigurationIsVisible = 0;
			defaultConfigurationName = Release;
		};
		9B32754419E9156A008C2F40 /* Build configuration list for PBXNativeTarget "fuuuuuuuck" */ = {
			isa = XCConfigurationList;
			buildConfigurations = (
				9B32754519E9156A008C2F40 /* Debug */,
				9B32754619E9156A008C2F40 /* Release */,
			);
			defaultConfigurationIsVisible = 0;
			defaultConfigurationName = Release;
		};
		9B32754719E9156A008C2F40 /* Build configuration list for PBXNativeTarget "fuuuuuuuckTests" */ = {
			isa = XCConfigurationList;
			buildConfigurations = (
				9B32754819E9156A008C2F40 /* Debug */,
				9B32754919E9156A008C2F40 /* Release */,
			);
			defaultConfigurationIsVisible = 0;
			defaultConfigurationName = Release;
		};
/* End XCConfigurationList section */
	};
	rootObject = 9B32751919E9156A008C2F40 /* Project object */;
}
