// !$*UTF8*$!
{
	archiveVersion = 1;
	classes = {
	};
	objectVersion = 46;
	objects = {

/* Begin PBXBuildFile section */
		4CD4EE9E19E9707F00DBD071 /* UIImage+animatedGIF.m in Sources */ = {isa = PBXBuildFile; fileRef = 4CD4EE9C19E9707F00DBD071 /* UIImage+animatedGIF.m */; };
		4CD4EEA119E970B400DBD071 /* AVFoundation.framework in Frameworks */ = {isa = PBXBuildFile; fileRef = 4CD4EEA019E970B400DBD071 /* AVFoundation.framework */; };
		4CD4EEA319E970BA00DBD071 /* MobileCoreServices.framework in Frameworks */ = {isa = PBXBuildFile; fileRef = 4CD4EEA219E970BA00DBD071 /* MobileCoreServices.framework */; };
		4CD4EEA519E970C200DBD071 /* ImageIO.framework in Frameworks */ = {isa = PBXBuildFile; fileRef = 4CD4EEA419E970C200DBD071 /* ImageIO.framework */; };
		4CD4EEA719E970C900DBD071 /* UIKit.framework in Frameworks */ = {isa = PBXBuildFile; fileRef = 4CD4EEA619E970C900DBD071 /* UIKit.framework */; };
		4CD4EEA919E970D200DBD071 /* Foundation.framework in Frameworks */ = {isa = PBXBuildFile; fileRef = 4CD4EEA819E970D200DBD071 /* Foundation.framework */; };
		4CD4EEAB19E970D700DBD071 /* CoreGraphics.framework in Frameworks */ = {isa = PBXBuildFile; fileRef = 4CD4EEAA19E970D700DBD071 /* CoreGraphics.framework */; };
		9B95016719E8B5FB007FDE23 /* main.m in Sources */ = {isa = PBXBuildFile; fileRef = 9B95016619E8B5FB007FDE23 /* main.m */; };
		9B95016A19E8B5FB007FDE23 /* AppDelegate.m in Sources */ = {isa = PBXBuildFile; fileRef = 9B95016919E8B5FB007FDE23 /* AppDelegate.m */; };
		9B95016D19E8B5FB007FDE23 /* ViewController.m in Sources */ = {isa = PBXBuildFile; fileRef = 9B95016C19E8B5FB007FDE23 /* ViewController.m */; };
		9B95017019E8B5FB007FDE23 /* Main.storyboard in Resources */ = {isa = PBXBuildFile; fileRef = 9B95016E19E8B5FB007FDE23 /* Main.storyboard */; };
		9B95017219E8B5FB007FDE23 /* Images.xcassets in Resources */ = {isa = PBXBuildFile; fileRef = 9B95017119E8B5FB007FDE23 /* Images.xcassets */; };
		9B95017519E8B5FB007FDE23 /* LaunchScreen.xib in Resources */ = {isa = PBXBuildFile; fileRef = 9B95017319E8B5FB007FDE23 /* LaunchScreen.xib */; };
		9B95018119E8B5FB007FDE23 /* gifmakerTests.m in Sources */ = {isa = PBXBuildFile; fileRef = 9B95018019E8B5FB007FDE23 /* gifmakerTests.m */; };
/* End PBXBuildFile section */

/* Begin PBXContainerItemProxy section */
		9B95017B19E8B5FB007FDE23 /* PBXContainerItemProxy */ = {
			isa = PBXContainerItemProxy;
			containerPortal = 9B95015919E8B5FB007FDE23 /* Project object */;
			proxyType = 1;
			remoteGlobalIDString = 9B95016019E8B5FB007FDE23;
			remoteInfo = gifmaker;
		};
/* End PBXContainerItemProxy section */

/* Begin PBXFileReference section */
		4CD4EE9B19E9705A00DBD071 /* UIImage+animatedGIF.h */ = {isa = PBXFileReference; lastKnownFileType = sourcecode.c.h; path = "UIImage+animatedGIF.h"; sourceTree = "<group>"; };
		4CD4EE9C19E9707F00DBD071 /* UIImage+animatedGIF.m */ = {isa = PBXFileReference; fileEncoding = 4; lastKnownFileType = sourcecode.c.objc; path = "UIImage+animatedGIF.m"; sourceTree = "<group>"; };
		4CD4EEA019E970B400DBD071 /* AVFoundation.framework */ = {isa = PBXFileReference; lastKnownFileType = wrapper.framework; name = AVFoundation.framework; path = System/Library/Frameworks/AVFoundation.framework; sourceTree = SDKROOT; };
		4CD4EEA219E970BA00DBD071 /* MobileCoreServices.framework */ = {isa = PBXFileReference; lastKnownFileType = wrapper.framework; name = MobileCoreServices.framework; path = System/Library/Frameworks/MobileCoreServices.framework; sourceTree = SDKROOT; };
		4CD4EEA419E970C200DBD071 /* ImageIO.framework */ = {isa = PBXFileReference; lastKnownFileType = wrapper.framework; name = ImageIO.framework; path = System/Library/Frameworks/ImageIO.framework; sourceTree = SDKROOT; };
		4CD4EEA619E970C900DBD071 /* UIKit.framework */ = {isa = PBXFileReference; lastKnownFileType = wrapper.framework; name = UIKit.framework; path = System/Library/Frameworks/UIKit.framework; sourceTree = SDKROOT; };
		4CD4EEA819E970D200DBD071 /* Foundation.framework */ = {isa = PBXFileReference; lastKnownFileType = wrapper.framework; name = Foundation.framework; path = System/Library/Frameworks/Foundation.framework; sourceTree = SDKROOT; };
		4CD4EEAA19E970D700DBD071 /* CoreGraphics.framework */ = {isa = PBXFileReference; lastKnownFileType = wrapper.framework; name = CoreGraphics.framework; path = System/Library/Frameworks/CoreGraphics.framework; sourceTree = SDKROOT; };
		4CD4EEAC19E970F900DBD071 /* makeAnimatedGif.h */ = {isa = PBXFileReference; fileEncoding = 4; lastKnownFileType = sourcecode.c.h; path = makeAnimatedGif.h; sourceTree = "<group>"; };
		9B95016119E8B5FB007FDE23 /* gifmaker.app */ = {isa = PBXFileReference; explicitFileType = wrapper.application; includeInIndex = 0; path = gifmaker.app; sourceTree = BUILT_PRODUCTS_DIR; };
		9B95016519E8B5FB007FDE23 /* Info.plist */ = {isa = PBXFileReference; lastKnownFileType = text.plist.xml; path = Info.plist; sourceTree = "<group>"; };
		9B95016619E8B5FB007FDE23 /* main.m */ = {isa = PBXFileReference; lastKnownFileType = sourcecode.c.objc; path = main.m; sourceTree = "<group>"; };
		9B95016819E8B5FB007FDE23 /* AppDelegate.h */ = {isa = PBXFileReference; lastKnownFileType = sourcecode.c.h; path = AppDelegate.h; sourceTree = "<group>"; };
		9B95016919E8B5FB007FDE23 /* AppDelegate.m */ = {isa = PBXFileReference; lastKnownFileType = sourcecode.c.objc; path = AppDelegate.m; sourceTree = "<group>"; };
		9B95016B19E8B5FB007FDE23 /* ViewController.h */ = {isa = PBXFileReference; lastKnownFileType = sourcecode.c.h; path = ViewController.h; sourceTree = "<group>"; };
		9B95016C19E8B5FB007FDE23 /* ViewController.m */ = {isa = PBXFileReference; lastKnownFileType = sourcecode.c.objc; path = ViewController.m; sourceTree = "<group>"; };
		9B95016F19E8B5FB007FDE23 /* Base */ = {isa = PBXFileReference; lastKnownFileType = file.storyboard; name = Base; path = Base.lproj/Main.storyboard; sourceTree = "<group>"; };
		9B95017119E8B5FB007FDE23 /* Images.xcassets */ = {isa = PBXFileReference; lastKnownFileType = folder.assetcatalog; path = Images.xcassets; sourceTree = "<group>"; };
		9B95017419E8B5FB007FDE23 /* Base */ = {isa = PBXFileReference; lastKnownFileType = file.xib; name = Base; path = Base.lproj/LaunchScreen.xib; sourceTree = "<group>"; };
		9B95017A19E8B5FB007FDE23 /* gifmakerTests.xctest */ = {isa = PBXFileReference; explicitFileType = wrapper.cfbundle; includeInIndex = 0; path = gifmakerTests.xctest; sourceTree = BUILT_PRODUCTS_DIR; };
		9B95017F19E8B5FB007FDE23 /* Info.plist */ = {isa = PBXFileReference; lastKnownFileType = text.plist.xml; path = Info.plist; sourceTree = "<group>"; };
		9B95018019E8B5FB007FDE23 /* gifmakerTests.m */ = {isa = PBXFileReference; lastKnownFileType = sourcecode.c.objc; path = gifmakerTests.m; sourceTree = "<group>"; };
/* End PBXFileReference section */

/* Begin PBXFrameworksBuildPhase section */
		9B95015E19E8B5FB007FDE23 /* Frameworks */ = {
			isa = PBXFrameworksBuildPhase;
			buildActionMask = 2147483647;
			files = (
				4CD4EEAB19E970D700DBD071 /* CoreGraphics.framework in Frameworks */,
				4CD4EEA919E970D200DBD071 /* Foundation.framework in Frameworks */,
				4CD4EEA719E970C900DBD071 /* UIKit.framework in Frameworks */,
				4CD4EEA519E970C200DBD071 /* ImageIO.framework in Frameworks */,
				4CD4EEA319E970BA00DBD071 /* MobileCoreServices.framework in Frameworks */,
				4CD4EEA119E970B400DBD071 /* AVFoundation.framework in Frameworks */,
			);
			runOnlyForDeploymentPostprocessing = 0;
		};
		9B95017719E8B5FB007FDE23 /* Frameworks */ = {
			isa = PBXFrameworksBuildPhase;
			buildActionMask = 2147483647;
			files = (
			);
			runOnlyForDeploymentPostprocessing = 0;
		};
/* End PBXFrameworksBuildPhase section */

/* Begin PBXGroup section */
		4CD4EE9A19E9702600DBD071 /* UIImage+animatedGIF */ = {
			isa = PBXGroup;
			children = (
				4CD4EE9B19E9705A00DBD071 /* UIImage+animatedGIF.h */,
				4CD4EE9C19E9707F00DBD071 /* UIImage+animatedGIF.m */,
			);
			name = "UIImage+animatedGIF";
			sourceTree = "<group>";
		};
		9B95015819E8B5FB007FDE23 = {
			isa = PBXGroup;
			children = (
				4CD4EEAA19E970D700DBD071 /* CoreGraphics.framework */,
				4CD4EEA819E970D200DBD071 /* Foundation.framework */,
				4CD4EEA619E970C900DBD071 /* UIKit.framework */,
				4CD4EEA419E970C200DBD071 /* ImageIO.framework */,
				4CD4EEA219E970BA00DBD071 /* MobileCoreServices.framework */,
				4CD4EEA019E970B400DBD071 /* AVFoundation.framework */,
				9B95016319E8B5FB007FDE23 /* gifmaker */,
				9B95017D19E8B5FB007FDE23 /* gifmakerTests */,
				9B95016219E8B5FB007FDE23 /* Products */,
			);
			sourceTree = "<group>";
		};
		9B95016219E8B5FB007FDE23 /* Products */ = {
			isa = PBXGroup;
			children = (
				9B95016119E8B5FB007FDE23 /* gifmaker.app */,
				9B95017A19E8B5FB007FDE23 /* gifmakerTests.xctest */,
			);
			name = Products;
			sourceTree = "<group>";
		};
		9B95016319E8B5FB007FDE23 /* gifmaker */ = {
			isa = PBXGroup;
			children = (
				4CD4EE9A19E9702600DBD071 /* UIImage+animatedGIF */,
				9B95016819E8B5FB007FDE23 /* AppDelegate.h */,
				9B95016919E8B5FB007FDE23 /* AppDelegate.m */,
				9B95016B19E8B5FB007FDE23 /* ViewController.h */,
				9B95016C19E8B5FB007FDE23 /* ViewController.m */,
				9B95016E19E8B5FB007FDE23 /* Main.storyboard */,
				9B95017119E8B5FB007FDE23 /* Images.xcassets */,
				9B95017319E8B5FB007FDE23 /* LaunchScreen.xib */,
				9B95016419E8B5FB007FDE23 /* Supporting Files */,
				4CD4EEAC19E970F900DBD071 /* makeAnimatedGif.h */,
			);
			path = gifmaker;
			sourceTree = "<group>";
		};
		9B95016419E8B5FB007FDE23 /* Supporting Files */ = {
			isa = PBXGroup;
			children = (
				9B95016519E8B5FB007FDE23 /* Info.plist */,
				9B95016619E8B5FB007FDE23 /* main.m */,
			);
			name = "Supporting Files";
			sourceTree = "<group>";
		};
		9B95017D19E8B5FB007FDE23 /* gifmakerTests */ = {
			isa = PBXGroup;
			children = (
				9B95018019E8B5FB007FDE23 /* gifmakerTests.m */,
				9B95017E19E8B5FB007FDE23 /* Supporting Files */,
			);
			path = gifmakerTests;
			sourceTree = "<group>";
		};
		9B95017E19E8B5FB007FDE23 /* Supporting Files */ = {
			isa = PBXGroup;
			children = (
				9B95017F19E8B5FB007FDE23 /* Info.plist */,
			);
			name = "Supporting Files";
			sourceTree = "<group>";
		};
/* End PBXGroup section */

/* Begin PBXNativeTarget section */
		9B95016019E8B5FB007FDE23 /* gifmaker */ = {
			isa = PBXNativeTarget;
			buildConfigurationList = 9B95018419E8B5FB007FDE23 /* Build configuration list for PBXNativeTarget "gifmaker" */;
			buildPhases = (
				9B95015D19E8B5FB007FDE23 /* Sources */,
				9B95015E19E8B5FB007FDE23 /* Frameworks */,
				9B95015F19E8B5FB007FDE23 /* Resources */,
			);
			buildRules = (
			);
			dependencies = (
			);
			name = gifmaker;
			productName = gifmaker;
			productReference = 9B95016119E8B5FB007FDE23 /* gifmaker.app */;
			productType = "com.apple.product-type.application";
		};
		9B95017919E8B5FB007FDE23 /* gifmakerTests */ = {
			isa = PBXNativeTarget;
			buildConfigurationList = 9B95018719E8B5FB007FDE23 /* Build configuration list for PBXNativeTarget "gifmakerTests" */;
			buildPhases = (
				9B95017619E8B5FB007FDE23 /* Sources */,
				9B95017719E8B5FB007FDE23 /* Frameworks */,
				9B95017819E8B5FB007FDE23 /* Resources */,
			);
			buildRules = (
			);
			dependencies = (
				9B95017C19E8B5FB007FDE23 /* PBXTargetDependency */,
			);
			name = gifmakerTests;
			productName = gifmakerTests;
			productReference = 9B95017A19E8B5FB007FDE23 /* gifmakerTests.xctest */;
			productType = "com.apple.product-type.bundle.unit-test";
		};
/* End PBXNativeTarget section */

/* Begin PBXProject section */
		9B95015919E8B5FB007FDE23 /* Project object */ = {
			isa = PBXProject;
			attributes = {
				LastUpgradeCheck = 0600;
				ORGANIZATIONNAME = "Ruoping Xu";
				TargetAttributes = {
					9B95016019E8B5FB007FDE23 = {
						CreatedOnToolsVersion = 6.0.1;
					};
					9B95017919E8B5FB007FDE23 = {
						CreatedOnToolsVersion = 6.0.1;
						TestTargetID = 9B95016019E8B5FB007FDE23;
					};
				};
			};
			buildConfigurationList = 9B95015C19E8B5FB007FDE23 /* Build configuration list for PBXProject "gifmaker" */;
			compatibilityVersion = "Xcode 3.2";
			developmentRegion = English;
			hasScannedForEncodings = 0;
			knownRegions = (
				en,
				Base,
			);
			mainGroup = 9B95015819E8B5FB007FDE23;
			productRefGroup = 9B95016219E8B5FB007FDE23 /* Products */;
			projectDirPath = "";
			projectRoot = "";
			targets = (
				9B95016019E8B5FB007FDE23 /* gifmaker */,
				9B95017919E8B5FB007FDE23 /* gifmakerTests */,
			);
		};
/* End PBXProject section */

/* Begin PBXResourcesBuildPhase section */
		9B95015F19E8B5FB007FDE23 /* Resources */ = {
			isa = PBXResourcesBuildPhase;
			buildActionMask = 2147483647;
			files = (
				9B95017019E8B5FB007FDE23 /* Main.storyboard in Resources */,
				9B95017519E8B5FB007FDE23 /* LaunchScreen.xib in Resources */,
				9B95017219E8B5FB007FDE23 /* Images.xcassets in Resources */,
			);
			runOnlyForDeploymentPostprocessing = 0;
		};
		9B95017819E8B5FB007FDE23 /* Resources */ = {
			isa = PBXResourcesBuildPhase;
			buildActionMask = 2147483647;
			files = (
			);
			runOnlyForDeploymentPostprocessing = 0;
		};
/* End PBXResourcesBuildPhase section */

/* Begin PBXSourcesBuildPhase section */
		9B95015D19E8B5FB007FDE23 /* Sources */ = {
			isa = PBXSourcesBuildPhase;
			buildActionMask = 2147483647;
			files = (
				9B95016D19E8B5FB007FDE23 /* ViewController.m in Sources */,
				4CD4EE9E19E9707F00DBD071 /* UIImage+animatedGIF.m in Sources */,
				9B95016A19E8B5FB007FDE23 /* AppDelegate.m in Sources */,
				9B95016719E8B5FB007FDE23 /* main.m in Sources */,
			);
			runOnlyForDeploymentPostprocessing = 0;
		};
		9B95017619E8B5FB007FDE23 /* Sources */ = {
			isa = PBXSourcesBuildPhase;
			buildActionMask = 2147483647;
			files = (
				9B95018119E8B5FB007FDE23 /* gifmakerTests.m in Sources */,
			);
			runOnlyForDeploymentPostprocessing = 0;
		};
/* End PBXSourcesBuildPhase section */

/* Begin PBXTargetDependency section */
		9B95017C19E8B5FB007FDE23 /* PBXTargetDependency */ = {
			isa = PBXTargetDependency;
			target = 9B95016019E8B5FB007FDE23 /* gifmaker */;
			targetProxy = 9B95017B19E8B5FB007FDE23 /* PBXContainerItemProxy */;
		};
/* End PBXTargetDependency section */

/* Begin PBXVariantGroup section */
		9B95016E19E8B5FB007FDE23 /* Main.storyboard */ = {
			isa = PBXVariantGroup;
			children = (
				9B95016F19E8B5FB007FDE23 /* Base */,
			);
			name = Main.storyboard;
			sourceTree = "<group>";
		};
		9B95017319E8B5FB007FDE23 /* LaunchScreen.xib */ = {
			isa = PBXVariantGroup;
			children = (
				9B95017419E8B5FB007FDE23 /* Base */,
			);
			name = LaunchScreen.xib;
			sourceTree = "<group>";
		};
/* End PBXVariantGroup section */

/* Begin XCBuildConfiguration section */
		9B95018219E8B5FB007FDE23 /* Debug */ = {
			isa = XCBuildConfiguration;
			buildSettings = {
				ALWAYS_SEARCH_USER_PATHS = NO;
				CLANG_CXX_LANGUAGE_STANDARD = "gnu++0x";
				CLANG_CXX_LIBRARY = "libc++";
				CLANG_ENABLE_MODULES = YES;
				CLANG_ENABLE_OBJC_ARC = YES;
				CLANG_WARN_BOOL_CONVERSION = YES;
				CLANG_WARN_CONSTANT_CONVERSION = YES;
				CLANG_WARN_DIRECT_OBJC_ISA_USAGE = YES_ERROR;
				CLANG_WARN_EMPTY_BODY = YES;
				CLANG_WARN_ENUM_CONVERSION = YES;
				CLANG_WARN_INT_CONVERSION = YES;
				CLANG_WARN_OBJC_ROOT_CLASS = YES_ERROR;
				CLANG_WARN_UNREACHABLE_CODE = YES;
				CLANG_WARN__DUPLICATE_METHOD_MATCH = YES;
				"CODE_SIGN_IDENTITY[sdk=iphoneos*]" = "iPhone Developer";
				COPY_PHASE_STRIP = NO;
				ENABLE_STRICT_OBJC_MSGSEND = YES;
				GCC_C_LANGUAGE_STANDARD = gnu99;
				GCC_DYNAMIC_NO_PIC = NO;
				GCC_OPTIMIZATION_LEVEL = 0;
				GCC_PREPROCESSOR_DEFINITIONS = (
					"DEBUG=1",
					"$(inherited)",
				);
				GCC_SYMBOLS_PRIVATE_EXTERN = NO;
				GCC_WARN_64_TO_32_BIT_CONVERSION = YES;
				GCC_WARN_ABOUT_RETURN_TYPE = YES_ERROR;
				GCC_WARN_UNDECLARED_SELECTOR = YES;
				GCC_WARN_UNINITIALIZED_AUTOS = YES_AGGRESSIVE;
				GCC_WARN_UNUSED_FUNCTION = YES;
				GCC_WARN_UNUSED_VARIABLE = YES;
				IPHONEOS_DEPLOYMENT_TARGET = 8.0;
				MTL_ENABLE_DEBUG_INFO = YES;
				ONLY_ACTIVE_ARCH = YES;
				SDKROOT = iphoneos;
			};
			name = Debug;
		};
		9B95018319E8B5FB007FDE23 /* Release */ = {
			isa = XCBuildConfiguration;
			buildSettings = {
				ALWAYS_SEARCH_USER_PATHS = NO;
				CLANG_CXX_LANGUAGE_STANDARD = "gnu++0x";
				CLANG_CXX_LIBRARY = "libc++";
				CLANG_ENABLE_MODULES = YES;
				CLANG_ENABLE_OBJC_ARC = YES;
				CLANG_WARN_BOOL_CONVERSION = YES;
				CLANG_WARN_CONSTANT_CONVERSION = YES;
				CLANG_WARN_DIRECT_OBJC_ISA_USAGE = YES_ERROR;
				CLANG_WARN_EMPTY_BODY = YES;
				CLANG_WARN_ENUM_CONVERSION = YES;
				CLANG_WARN_INT_CONVERSION = YES;
				CLANG_WARN_OBJC_ROOT_CLASS = YES_ERROR;
				CLANG_WARN_UNREACHABLE_CODE = YES;
				CLANG_WARN__DUPLICATE_METHOD_MATCH = YES;
				"CODE_SIGN_IDENTITY[sdk=iphoneos*]" = "iPhone Developer";
				COPY_PHASE_STRIP = YES;
				ENABLE_NS_ASSERTIONS = NO;
				ENABLE_STRICT_OBJC_MSGSEND = YES;
				GCC_C_LANGUAGE_STANDARD = gnu99;
				GCC_WARN_64_TO_32_BIT_CONVERSION = YES;
				GCC_WARN_ABOUT_RETURN_TYPE = YES_ERROR;
				GCC_WARN_UNDECLARED_SELECTOR = YES;
				GCC_WARN_UNINITIALIZED_AUTOS = YES_AGGRESSIVE;
				GCC_WARN_UNUSED_FUNCTION = YES;
				GCC_WARN_UNUSED_VARIABLE = YES;
				IPHONEOS_DEPLOYMENT_TARGET = 8.0;
				MTL_ENABLE_DEBUG_INFO = NO;
				SDKROOT = iphoneos;
				VALIDATE_PRODUCT = YES;
			};
			name = Release;
		};
		9B95018519E8B5FB007FDE23 /* Debug */ = {
			isa = XCBuildConfiguration;
			buildSettings = {
				ASSETCATALOG_COMPILER_APPICON_NAME = AppIcon;
				INFOPLIST_FILE = gifmaker/Info.plist;
				LD_RUNPATH_SEARCH_PATHS = "$(inherited) @executable_path/Frameworks";
				PRODUCT_NAME = "$(TARGET_NAME)";
			};
			name = Debug;
		};
		9B95018619E8B5FB007FDE23 /* Release */ = {
			isa = XCBuildConfiguration;
			buildSettings = {
				ASSETCATALOG_COMPILER_APPICON_NAME = AppIcon;
				INFOPLIST_FILE = gifmaker/Info.plist;
				LD_RUNPATH_SEARCH_PATHS = "$(inherited) @executable_path/Frameworks";
				PRODUCT_NAME = "$(TARGET_NAME)";
			};
			name = Release;
		};
		9B95018819E8B5FB007FDE23 /* Debug */ = {
			isa = XCBuildConfiguration;
			buildSettings = {
				BUNDLE_LOADER = "$(TEST_HOST)";
				FRAMEWORK_SEARCH_PATHS = (
					"$(SDKROOT)/Developer/Library/Frameworks",
					"$(inherited)",
				);
				GCC_PREPROCESSOR_DEFINITIONS = (
					"DEBUG=1",
					"$(inherited)",
				);
				INFOPLIST_FILE = gifmakerTests/Info.plist;
				LD_RUNPATH_SEARCH_PATHS = "$(inherited) @executable_path/Frameworks @loader_path/Frameworks";
				PRODUCT_NAME = "$(TARGET_NAME)";
				TEST_HOST = "$(BUILT_PRODUCTS_DIR)/gifmaker.app/gifmaker";
			};
			name = Debug;
		};
		9B95018919E8B5FB007FDE23 /* Release */ = {
			isa = XCBuildConfiguration;
			buildSettings = {
				BUNDLE_LOADER = "$(TEST_HOST)";
				FRAMEWORK_SEARCH_PATHS = (
					"$(SDKROOT)/Developer/Library/Frameworks",
					"$(inherited)",
				);
				INFOPLIST_FILE = gifmakerTests/Info.plist;
				LD_RUNPATH_SEARCH_PATHS = "$(inherited) @executable_path/Frameworks @loader_path/Frameworks";
				PRODUCT_NAME = "$(TARGET_NAME)";
				TEST_HOST = "$(BUILT_PRODUCTS_DIR)/gifmaker.app/gifmaker";
			};
			name = Release;
		};
/* End XCBuildConfiguration section */

/* Begin XCConfigurationList section */
		9B95015C19E8B5FB007FDE23 /* Build configuration list for PBXProject "gifmaker" */ = {
			isa = XCConfigurationList;
			buildConfigurations = (
				9B95018219E8B5FB007FDE23 /* Debug */,
				9B95018319E8B5FB007FDE23 /* Release */,
			);
			defaultConfigurationIsVisible = 0;
			defaultConfigurationName = Release;
		};
		9B95018419E8B5FB007FDE23 /* Build configuration list for PBXNativeTarget "gifmaker" */ = {
			isa = XCConfigurationList;
			buildConfigurations = (
				9B95018519E8B5FB007FDE23 /* Debug */,
				9B95018619E8B5FB007FDE23 /* Release */,
			);
			defaultConfigurationIsVisible = 0;
			defaultConfigurationName = Release;
		};
		9B95018719E8B5FB007FDE23 /* Build configuration list for PBXNativeTarget "gifmakerTests" */ = {
			isa = XCConfigurationList;
			buildConfigurations = (
				9B95018819E8B5FB007FDE23 /* Debug */,
				9B95018919E8B5FB007FDE23 /* Release */,
			);
			defaultConfigurationIsVisible = 0;
			defaultConfigurationName = Release;
		};
/* End XCConfigurationList section */
	};
	rootObject = 9B95015919E8B5FB007FDE23 /* Project object */;
}
